
Microsoft Visual Studio Solution File, Format Version 12.00
# Visual Studio Version 17
VisualStudioVersion = 17.11.35219.272
MinimumVisualStudioVersion = 10.0.40219.1
Project("{9A19103F-16F7-4668-BE54-9A1E7A4F7556}") = "Petshop", "Petshop.csproj", "{21EA12F7-3E75-41CD-94E6-DE2501AC5FCA}"
EndProject
Global
	GlobalSection(SolutionConfigurationPlatforms) = preSolution
		Debug|Any CPU = Debug|Any CPU
		Release|Any CPU = Release|Any CPU
	EndGlobalSection
	GlobalSection(ProjectConfigurationPlatforms) = postSolution
		{21EA12F7-3E75-41CD-94E6-DE2501AC5FCA}.Debug|Any CPU.ActiveCfg = Debug|Any CPU
		{21EA12F7-3E75-41CD-94E6-DE2501AC5FCA}.Debug|Any CPU.Build.0 = Debug|Any CPU
		{21EA12F7-3E75-41CD-94E6-DE2501AC5FCA}.Release|Any CPU.ActiveCfg = Release|Any CPU
		{21EA12F7-3E75-41CD-94E6-DE2501AC5FCA}.Release|Any CPU.Build.0 = Release|Any CPU
	EndGlobalSection
	GlobalSection(SolutionProperties) = preSolution
		HideSolutionNode = FALSE
	EndGlobalSection
	GlobalSection(ExtensibilityGlobals) = postSolution
		SolutionGuid = {C033BB2A-B964-4E2B-BE98-473F5EE685CD}
	EndGlobalSection
EndGlobal
